
Microsoft Visual Studio Solution File, Format Version 12.00
# Visual Studio Version 17
VisualStudioVersion = 17.8.34511.84
MinimumVisualStudioVersion = 10.0.40219.1
Project("{9A19103F-16F7-4668-BE54-9A1E7A4F7556}") = "Portfolio.API", "Portfolio.API\Portfolio.API.csproj", "{C18C3F9D-C844-41DC-8F69-274E6BABC8A2}"
EndProject
Project("{9A19103F-16F7-4668-BE54-9A1E7A4F7556}") = "Portfolio.API.Services", "Portfolio.API.Services\Portfolio.API.Services.csproj", "{0F05F9F2-B03D-43AB-AFFC-76124EE32020}"
EndProject
Project("{9A19103F-16F7-4668-BE54-9A1E7A4F7556}") = "Portfolio.API.Data", "Portfolio.API.Data\Portfolio.API.Data.csproj", "{A2040A36-CD5A-4183-B648-B3D5ADC86FCE}"
EndProject
Project("{9A19103F-16F7-4668-BE54-9A1E7A4F7556}") = "Portfolio.API.Dto", "Portfolio.API.Dto\Portfolio.API.Dto.csproj", "{6A3CDE0A-EFE9-4432-B644-75BD4A9AE33C}"
EndProject
Project("{FAE04EC0-301F-11D3-BF4B-00C04F79EFBC}") = "Portfolio.API.Common", "Portfolio.API.Common\Portfolio.API.Common.csproj", "{C58D3871-E2EF-4C64-B978-40FEE0281331}"
EndProject
Global
	GlobalSection(SolutionConfigurationPlatforms) = preSolution
		Debug|Any CPU = Debug|Any CPU
		Release|Any CPU = Release|Any CPU
	EndGlobalSection
	GlobalSection(ProjectConfigurationPlatforms) = postSolution
		{C18C3F9D-C844-41DC-8F69-274E6BABC8A2}.Debug|Any CPU.ActiveCfg = Debug|Any CPU
		{C18C3F9D-C844-41DC-8F69-274E6BABC8A2}.Debug|Any CPU.Build.0 = Debug|Any CPU
		{C18C3F9D-C844-41DC-8F69-274E6BABC8A2}.Release|Any CPU.ActiveCfg = Release|Any CPU
		{C18C3F9D-C844-41DC-8F69-274E6BABC8A2}.Release|Any CPU.Build.0 = Release|Any CPU
		{0F05F9F2-B03D-43AB-AFFC-76124EE32020}.Debug|Any CPU.ActiveCfg = Debug|Any CPU
		{0F05F9F2-B03D-43AB-AFFC-76124EE32020}.Debug|Any CPU.Build.0 = Debug|Any CPU
		{0F05F9F2-B03D-43AB-AFFC-76124EE32020}.Release|Any CPU.ActiveCfg = Release|Any CPU
		{0F05F9F2-B03D-43AB-AFFC-76124EE32020}.Release|Any CPU.Build.0 = Release|Any CPU
		{A2040A36-CD5A-4183-B648-B3D5ADC86FCE}.Debug|Any CPU.ActiveCfg = Debug|Any CPU
		{A2040A36-CD5A-4183-B648-B3D5ADC86FCE}.Debug|Any CPU.Build.0 = Debug|Any CPU
		{A2040A36-CD5A-4183-B648-B3D5ADC86FCE}.Release|Any CPU.ActiveCfg = Release|Any CPU
		{A2040A36-CD5A-4183-B648-B3D5ADC86FCE}.Release|Any CPU.Build.0 = Release|Any CPU
		{6A3CDE0A-EFE9-4432-B644-75BD4A9AE33C}.Debug|Any CPU.ActiveCfg = Debug|Any CPU
		{6A3CDE0A-EFE9-4432-B644-75BD4A9AE33C}.Debug|Any CPU.Build.0 = Debug|Any CPU
		{6A3CDE0A-EFE9-4432-B644-75BD4A9AE33C}.Release|Any CPU.ActiveCfg = Release|Any CPU
		{6A3CDE0A-EFE9-4432-B644-75BD4A9AE33C}.Release|Any CPU.Build.0 = Release|Any CPU
		{C58D3871-E2EF-4C64-B978-40FEE0281331}.Debug|Any CPU.ActiveCfg = Debug|Any CPU
		{C58D3871-E2EF-4C64-B978-40FEE0281331}.Debug|Any CPU.Build.0 = Debug|Any CPU
		{C58D3871-E2EF-4C64-B978-40FEE0281331}.Release|Any CPU.ActiveCfg = Release|Any CPU
		{C58D3871-E2EF-4C64-B978-40FEE0281331}.Release|Any CPU.Build.0 = Release|Any CPU
	EndGlobalSection
	GlobalSection(SolutionProperties) = preSolution
		HideSolutionNode = FALSE
	EndGlobalSection
	GlobalSection(ExtensibilityGlobals) = postSolution
		SolutionGuid = {69F80408-DE91-441B-8376-44A92C4E4198}
	EndGlobalSection
EndGlobal
